
Microsoft Visual Studio Solution File, Format Version 12.00
# Visual Studio 15
VisualStudioVersion = 15.0.26124.0
MinimumVisualStudioVersion = 15.0.26124.0
Project("{FAE04EC0-301F-11D3-BF4B-00C04F79EFBC}") = "01-akka.basic", "src\01-akka.basic\01-akka.basic.csproj", "{32A9B20D-8BEF-43B4-A1B3-88C80DAFCD96}"
EndProject
Project("{2150E333-8FDC-42A3-9474-1A3956D46DE8}") = "build", "build", "{B795547D-EBB7-4097-A0D0-5B4B45563A45}"
ProjectSection(SolutionItems) = preProject
	..\..\.gitignore = ..\..\.gitignore
EndProjectSection
EndProject
Project("{FAE04EC0-301F-11D3-BF4B-00C04F79EFBC}") = "02-akka.behavior", "src\02-akka.behavior\02-akka.behavior.csproj", "{0148359E-FCF5-4204-B5BC-320E91C3D9B1}"
EndProject
Project("{FAE04EC0-301F-11D3-BF4B-00C04F79EFBC}") = "03-akka.children", "src\03-akka.children\03-akka.children.csproj", "{BCF72D75-666D-40CB-B222-98F8693A0372}"
EndProject
Global
	GlobalSection(SolutionConfigurationPlatforms) = preSolution
		Debug|Any CPU = Debug|Any CPU
		Debug|x64 = Debug|x64
		Debug|x86 = Debug|x86
		Release|Any CPU = Release|Any CPU
		Release|x64 = Release|x64
		Release|x86 = Release|x86
	EndGlobalSection
	GlobalSection(SolutionProperties) = preSolution
		HideSolutionNode = FALSE
	EndGlobalSection
	GlobalSection(ProjectConfigurationPlatforms) = postSolution
		{32A9B20D-8BEF-43B4-A1B3-88C80DAFCD96}.Debug|Any CPU.ActiveCfg = Debug|Any CPU
		{32A9B20D-8BEF-43B4-A1B3-88C80DAFCD96}.Debug|Any CPU.Build.0 = Debug|Any CPU
		{32A9B20D-8BEF-43B4-A1B3-88C80DAFCD96}.Debug|x64.ActiveCfg = Debug|Any CPU
		{32A9B20D-8BEF-43B4-A1B3-88C80DAFCD96}.Debug|x64.Build.0 = Debug|Any CPU
		{32A9B20D-8BEF-43B4-A1B3-88C80DAFCD96}.Debug|x86.ActiveCfg = Debug|Any CPU
		{32A9B20D-8BEF-43B4-A1B3-88C80DAFCD96}.Debug|x86.Build.0 = Debug|Any CPU
		{32A9B20D-8BEF-43B4-A1B3-88C80DAFCD96}.Release|Any CPU.ActiveCfg = Release|Any CPU
		{32A9B20D-8BEF-43B4-A1B3-88C80DAFCD96}.Release|Any CPU.Build.0 = Release|Any CPU
		{32A9B20D-8BEF-43B4-A1B3-88C80DAFCD96}.Release|x64.ActiveCfg = Release|Any CPU
		{32A9B20D-8BEF-43B4-A1B3-88C80DAFCD96}.Release|x64.Build.0 = Release|Any CPU
		{32A9B20D-8BEF-43B4-A1B3-88C80DAFCD96}.Release|x86.ActiveCfg = Release|Any CPU
		{32A9B20D-8BEF-43B4-A1B3-88C80DAFCD96}.Release|x86.Build.0 = Release|Any CPU
		{0148359E-FCF5-4204-B5BC-320E91C3D9B1}.Debug|Any CPU.ActiveCfg = Debug|Any CPU
		{0148359E-FCF5-4204-B5BC-320E91C3D9B1}.Debug|Any CPU.Build.0 = Debug|Any CPU
		{0148359E-FCF5-4204-B5BC-320E91C3D9B1}.Debug|x64.ActiveCfg = Debug|Any CPU
		{0148359E-FCF5-4204-B5BC-320E91C3D9B1}.Debug|x64.Build.0 = Debug|Any CPU
		{0148359E-FCF5-4204-B5BC-320E91C3D9B1}.Debug|x86.ActiveCfg = Debug|Any CPU
		{0148359E-FCF5-4204-B5BC-320E91C3D9B1}.Debug|x86.Build.0 = Debug|Any CPU
		{0148359E-FCF5-4204-B5BC-320E91C3D9B1}.Release|Any CPU.ActiveCfg = Release|Any CPU
		{0148359E-FCF5-4204-B5BC-320E91C3D9B1}.Release|Any CPU.Build.0 = Release|Any CPU
		{0148359E-FCF5-4204-B5BC-320E91C3D9B1}.Release|x64.ActiveCfg = Release|Any CPU
		{0148359E-FCF5-4204-B5BC-320E91C3D9B1}.Release|x64.Build.0 = Release|Any CPU
		{0148359E-FCF5-4204-B5BC-320E91C3D9B1}.Release|x86.ActiveCfg = Release|Any CPU
		{0148359E-FCF5-4204-B5BC-320E91C3D9B1}.Release|x86.Build.0 = Release|Any CPU
		{BCF72D75-666D-40CB-B222-98F8693A0372}.Debug|Any CPU.ActiveCfg = Debug|Any CPU
		{BCF72D75-666D-40CB-B222-98F8693A0372}.Debug|Any CPU.Build.0 = Debug|Any CPU
		{BCF72D75-666D-40CB-B222-98F8693A0372}.Debug|x64.ActiveCfg = Debug|Any CPU
		{BCF72D75-666D-40CB-B222-98F8693A0372}.Debug|x64.Build.0 = Debug|Any CPU
		{BCF72D75-666D-40CB-B222-98F8693A0372}.Debug|x86.ActiveCfg = Debug|Any CPU
		{BCF72D75-666D-40CB-B222-98F8693A0372}.Debug|x86.Build.0 = Debug|Any CPU
		{BCF72D75-666D-40CB-B222-98F8693A0372}.Release|Any CPU.ActiveCfg = Release|Any CPU
		{BCF72D75-666D-40CB-B222-98F8693A0372}.Release|Any CPU.Build.0 = Release|Any CPU
		{BCF72D75-666D-40CB-B222-98F8693A0372}.Release|x64.ActiveCfg = Release|Any CPU
		{BCF72D75-666D-40CB-B222-98F8693A0372}.Release|x64.Build.0 = Release|Any CPU
		{BCF72D75-666D-40CB-B222-98F8693A0372}.Release|x86.ActiveCfg = Release|Any CPU
		{BCF72D75-666D-40CB-B222-98F8693A0372}.Release|x86.Build.0 = Release|Any CPU
	EndGlobalSection
EndGlobal
